
Microsoft Visual Studio Solution File, Format Version 12.00
# Visual Studio Version 17
VisualStudioVersion = 17.9.34728.123
MinimumVisualStudioVersion = 10.0.40219.1
Project("{FAE04EC0-301F-11D3-BF4B-00C04F79EFBC}") = "TrainingApp", "TrainingApp\TrainingApp.csproj", "{AA760922-341C-471A-A07F-B1AC4771854F}"
EndProject
Project("{FAE04EC0-301F-11D3-BF4B-00C04F79EFBC}") = "TrainingApp.BLL", "TrainingApp.BLL\TrainingApp.BLL.csproj", "{C568B196-4116-4E8C-A938-BB20A1F72B30}"
EndProject
Project("{FAE04EC0-301F-11D3-BF4B-00C04F79EFBC}") = "TrainingApp.Data", "TrainingApp.Data\TrainingApp.Data.csproj", "{BD4D6E80-A5EB-44E0-B880-10ACE7D6EF14}"
EndProject
Project("{2150E333-8FDC-42A3-9474-1A3956D46DE8}") = "WorkflowApp", "WorkflowApp", "{02EA681E-C7D8-13C7-8484-4AC65E1B71E8}"
EndProject
Global
	GlobalSection(SolutionConfigurationPlatforms) = preSolution
		Debug|Any CPU = Debug|Any CPU
		Release|Any CPU = Release|Any CPU
	EndGlobalSection
	GlobalSection(ProjectConfigurationPlatforms) = postSolution
		{AA760922-341C-471A-A07F-B1AC4771854F}.Debug|Any CPU.ActiveCfg = Debug|Any CPU
		{AA760922-341C-471A-A07F-B1AC4771854F}.Debug|Any CPU.Build.0 = Debug|Any CPU
		{AA760922-341C-471A-A07F-B1AC4771854F}.Release|Any CPU.ActiveCfg = Release|Any CPU
		{AA760922-341C-471A-A07F-B1AC4771854F}.Release|Any CPU.Build.0 = Release|Any CPU
		{C568B196-4116-4E8C-A938-BB20A1F72B30}.Debug|Any CPU.ActiveCfg = Debug|Any CPU
		{C568B196-4116-4E8C-A938-BB20A1F72B30}.Debug|Any CPU.Build.0 = Debug|Any CPU
		{C568B196-4116-4E8C-A938-BB20A1F72B30}.Release|Any CPU.ActiveCfg = Release|Any CPU
		{C568B196-4116-4E8C-A938-BB20A1F72B30}.Release|Any CPU.Build.0 = Release|Any CPU
		{BD4D6E80-A5EB-44E0-B880-10ACE7D6EF14}.Debug|Any CPU.ActiveCfg = Debug|Any CPU
		{BD4D6E80-A5EB-44E0-B880-10ACE7D6EF14}.Debug|Any CPU.Build.0 = Debug|Any CPU
		{BD4D6E80-A5EB-44E0-B880-10ACE7D6EF14}.Release|Any CPU.ActiveCfg = Release|Any CPU
		{BD4D6E80-A5EB-44E0-B880-10ACE7D6EF14}.Release|Any CPU.Build.0 = Release|Any CPU
	EndGlobalSection
	GlobalSection(SolutionProperties) = preSolution
		HideSolutionNode = FALSE
	EndGlobalSection
	GlobalSection(ExtensibilityGlobals) = postSolution
		SolutionGuid = {C9208CFE-0992-4E68-A822-C2D8E8FD8559}
	EndGlobalSection
EndGlobal
